[[package]]
name = "invoke"
version = "1.7.3"
description = "Pythonic task execution"
category = "main"
optional = false
python-versions = "*"

[metadata]
lock-version = "1.1"
python-versions = "~3.9"
content-hash = "f701c1a0ac8f0ffd0155b8c4b712dae02c65e85f5914b2a46e2e6ac65da789fb"

[metadata.files]
invoke = [
    {file = "invoke-1.7.3-py3-none-any.whl", hash = "sha256:d9694a865764dd3fd91f25f7e9a97fb41666e822bbb00e670091e3f43933574d"},
    {file = "invoke-1.7.3.tar.gz", hash = "sha256:41b428342d466a82135d5ab37119685a989713742be46e42a3a399d685579314"},
]
